
Microsoft Visual Studio Solution File, Format Version 12.00
Project("{FAE04EC0-301F-11D3-BF4B-00C04F79EFBC}") = "HouseScraper", "HouseScraper\HouseScraper.csproj", "{8E415A69-D049-47B7-B750-D74578FF2AF4}"
EndProject
Global
	GlobalSection(SolutionConfigurationPlatforms) = preSolution
		Debug|Any CPU = Debug|Any CPU
		Release|Any CPU = Release|Any CPU
	EndGlobalSection
	GlobalSection(ProjectConfigurationPlatforms) = postSolution
		{8E415A69-D049-47B7-B750-D74578FF2AF4}.Debug|Any CPU.ActiveCfg = Debug|Any CPU
		{8E415A69-D049-47B7-B750-D74578FF2AF4}.Debug|Any CPU.Build.0 = Debug|Any CPU
		{8E415A69-D049-47B7-B750-D74578FF2AF4}.Release|Any CPU.ActiveCfg = Release|Any CPU
		{8E415A69-D049-47B7-B750-D74578FF2AF4}.Release|Any CPU.Build.0 = Release|Any CPU
	EndGlobalSection
EndGlobal
